
Microsoft Visual Studio Solution File, Format Version 12.00
# Visual Studio Version 17
VisualStudioVersion = 17.3.32922.545
MinimumVisualStudioVersion = 10.0.40219.1
Project("{FAE04EC0-301F-11D3-BF4B-00C04F79EFBC}") = "FridgeClient", "FridgeClient\FridgeClient.csproj", "{E6947BD3-3F03-4216-ADBC-128C3E92E4FA}"
EndProject
Global
	GlobalSection(SolutionConfigurationPlatforms) = preSolution
		Debug|Any CPU = Debug|Any CPU
		Release|Any CPU = Release|Any CPU
	EndGlobalSection
	GlobalSection(ProjectConfigurationPlatforms) = postSolution
		{E6947BD3-3F03-4216-ADBC-128C3E92E4FA}.Debug|Any CPU.ActiveCfg = Debug|Any CPU
		{E6947BD3-3F03-4216-ADBC-128C3E92E4FA}.Debug|Any CPU.Build.0 = Debug|Any CPU
		{E6947BD3-3F03-4216-ADBC-128C3E92E4FA}.Release|Any CPU.ActiveCfg = Release|Any CPU
		{E6947BD3-3F03-4216-ADBC-128C3E92E4FA}.Release|Any CPU.Build.0 = Release|Any CPU
	EndGlobalSection
	GlobalSection(SolutionProperties) = preSolution
		HideSolutionNode = FALSE
	EndGlobalSection
	GlobalSection(ExtensibilityGlobals) = postSolution
		SolutionGuid = {07213C18-0628-4C35-B4DB-9D5CBEF19CC1}
	EndGlobalSection
EndGlobal
